version = 1
revision = 3
requires-python = ">=3.12"

[[package]]
name = "dependency-injector"
version = "4.49.0"
source = { registry = "https://pypi.org/simple" }
dependencies = [
    { name = "typing-extensions", marker = "python_full_version < '3.13'" },
]
sdist = { url = "https://files.pythonhosted.org/packages/f3/be/26bb530d06618fb0bb34244d46b0d0ccc53d0974e680d8653f1b1b313a0e/dependency_injector-4.49.0.tar.gz", hash = "sha256:17a04dbfaa8159f1dc068fc26bc2fa0af9774cdd87f99e3b61bd74c9e7171589", size = 1168930, upload-time = "2026-03-22T21:20:05.524Z" }
wheels = [
    { url = "https://files.pythonhosted.org/packages/5c/5d/cc49fb34e0c03aa56d7583de00e2f8f5aa1b8a878b695e970dcdb751a477/dependency_injector-4.49.0-cp310-abi3-macosx_11_0_arm64.whl", hash = "sha256:9690192fd5aed07f21dfdfae07696fef12c68bf98e4c0e1af8f8128b255a74a7", size = 1769395, upload-time = "2026-03-22T21:19:14.163Z" },
    { url = "https://files.pythonhosted.org/packages/7f/97/b3b144c96e1f7fff0a7e2e83eb0767bd23b6bacffd0ac8cff397d350e94d/dependency_injector-4.49.0-cp310-abi3-manylinux1_x86_64.manylinux_2_28_x86_64.manylinux_2_5_x86_64.whl", hash = "sha256:f91f2a191bdb17bd3068f32fe65f04128bc162c6237ea554c117b303c22aaabb", size = 1852089, upload-time = "2026-03-22T21:19:16.354Z" },
    { url = "https://files.pythonhosted.org/packages/4c/e7/33061f427bcb56c8936d5db464d757d926bf752a874683fb64b2ee225463/dependency_injector-4.49.0-cp310-abi3-manylinux2014_aarch64.manylinux_2_17_aarch64.manylinux_2_28_aarch64.whl", hash = "sha256:733c0d88b26be17a48e5741cc3e3956080112e40c07a38ff38e99dfa772f9772", size = 1765608, upload-time = "2026-03-22T21:19:19.217Z" },
    { url = "https://files.pythonhosted.org/packages/1e/4d/2751a6c055de4a200d65af297ecd926d6b6107f66f3849e8122928abf461/dependency_injector-4.49.0-cp310-abi3-musllinux_1_2_aarch64.whl", hash = "sha256:45720b30a2a3df6e5e2320e242f6dd94540ba27c3da57cafdc37fdeec59d5ce3", size = 1746555, upload-time = "2026-03-22T21:19:21.231Z" },
    { url = "https://files.pythonhosted.org/packages/02/6f/f74fee9629528f0879295b9f89a5c751d3ad931eca0c78407f715e5472a6/dependency_injector-4.49.0-cp310-abi3-musllinux_1_2_x86_64.whl", hash = "sha256:3b5d2f1be2dc971db47b1305a83b5a8c24d0eba7fb4cea7845679f9c9f24a0a9", size = 1843223, upload-time = "2026-03-22T21:19:23.356Z" },
    { url = "https://files.pythonhosted.org/packages/c5/f0/45948c7c933f063039a44afb4bd61747a7bafd50693e6ccdc972fac0839c/dependency_injector-4.49.0-cp310-abi3-win32.whl", hash = "sha256:0593c8aaade651a5a88ff8ba1271a8364773e76d3aa2efbeacc3be4969cafd1c", size = 1546172, upload-time = "2026-03-22T21:19:25.392Z" },
    { url = "https://files.pythonhosted.org/packages/e2/b5/1d8e5627137cb9a6812ecaa468eaf39154f6605c5088da4749e5a8579483/dependency_injector-4.49.0-cp310-abi3-win_amd64.whl", hash = "sha256:fa4b587158b0d65a1f9681ca648da3f9bf90f312f68c2f2e73cc58296ec2bf45", size = 1674743, upload-time = "2026-03-22T21:19:27.018Z" },
]

[[package]]
name = "spud"
version = "0.0.1"
source = { editable = "." }
dependencies = [
    { name = "dependency-injector" },
    { name = "structlog" },
]

[package.metadata]
requires-dist = [
    { name = "dependency-injector", specifier = ">=4.49.0" },
    { name = "structlog", specifier = ">=25.5.0" },
]

[[package]]
name = "structlog"
version = "25.5.0"
source = { registry = "https://pypi.org/simple" }
sdist = { url = "https://files.pythonhosted.org/packages/ef/52/9ba0f43b686e7f3ddfeaa78ac3af750292662284b3661e91ad5494f21dbc/structlog-25.5.0.tar.gz", hash = "sha256:098522a3bebed9153d4570c6d0288abf80a031dfdb2048d59a49e9dc2190fc98", size = 1460830, upload-time = "2025-10-27T08:28:23.028Z" }
wheels = [
    { url = "https://files.pythonhosted.org/packages/a8/45/a132b9074aa18e799b891b91ad72133c98d8042c70f6240e4c5f9dabee2f/structlog-25.5.0-py3-none-any.whl", hash = "sha256:a8453e9b9e636ec59bd9e79bbd4a72f025981b3ba0f5837aebf48f02f37a7f9f", size = 72510, upload-time = "2025-10-27T08:28:21.535Z" },
]

[[package]]
name = "typing-extensions"
version = "4.15.0"
source = { registry = "https://pypi.org/simple" }
sdist = { url = "https://files.pythonhosted.org/packages/72/94/1a15dd82efb362ac84269196e94cf00f187f7ed21c242792a923cdb1c61f/typing_extensions-4.15.0.tar.gz", hash = "sha256:0cea48d173cc12fa28ecabc3b837ea3cf6f38c6d1136f85cbaaf598984861466", size = 109391, upload-time = "2025-08-25T13:49:26.313Z" }
wheels = [
    { url = "https://files.pythonhosted.org/packages/18/67/36e9267722cc04a6b9f15c7f3441c2363321a3ea07da7ae0c0707beb2a9c/typing_extensions-4.15.0-py3-none-any.whl", hash = "sha256:f0fa19c6845758ab08074a0cfa8b7aecb71c999ca73d62883bc25cc018c4e548", size = 44614, upload-time = "2025-08-25T13:49:24.86Z" },
]
